
Microsoft Visual Studio Solution File, Format Version 12.00
# Visual Studio 15
VisualStudioVersion = 15.0.27130.2010
MinimumVisualStudioVersion = 10.0.40219.1
Project("{8BC9CEB8-8B4A-11D0-8D11-00A0C91BC942}") = "SimpleApplicationDLL", "SimpleApplication\SimpleApplication.vcxproj", "{0EEA18B6-62C6-4CA0-84BD-F125A0A5315B}"
EndProject
Project("{8BC9CEB8-8B4A-11D0-8D11-00A0C91BC942}") = "UnitTestApplication", "UnitTestApplication\UnitTestApplication.vcxproj", "{11C40262-53D4-4B30-9EEF-A9DD3027C49E}"
EndProject
Global
	GlobalSection(SolutionConfigurationPlatforms) = preSolution
		Debug|x86 = Debug|x86
	EndGlobalSection
	GlobalSection(ProjectConfigurationPlatforms) = postSolution
		{0EEA18B6-62C6-4CA0-84BD-F125A0A5315B}.Debug|x86.ActiveCfg = Debug|Win32
		{0EEA18B6-62C6-4CA0-84BD-F125A0A5315B}.Debug|x86.Build.0 = Debug|Win32
		{11C40262-53D4-4B30-9EEF-A9DD3027C49E}.Debug|x86.ActiveCfg = Debug|Win32
		{11C40262-53D4-4B30-9EEF-A9DD3027C49E}.Debug|x86.Build.0 = Debug|Win32
	EndGlobalSection
	GlobalSection(SolutionProperties) = preSolution
		HideSolutionNode = FALSE
	EndGlobalSection
	GlobalSection(ExtensibilityGlobals) = postSolution
		SolutionGuid = {BF9C6033-0793-4AD0-A917-6F886956508A}
	EndGlobalSection
EndGlobal
